
Microsoft Visual Studio Solution File, Format Version 12.00
# Visual Studio Version 16
VisualStudioVersion = 16.0.30907.101
MinimumVisualStudioVersion = 10.0.40219.1
Project("{FAE04EC0-301F-11D3-BF4B-00C04F79EFBC}") = "Modul3_dz1", "Modul3_dz1\Modul3_dz1.csproj", "{93B5BA3F-F1A1-4162-BD8C-EED1E9E59E0B}"
EndProject
Global
	GlobalSection(SolutionConfigurationPlatforms) = preSolution
		Debug|Any CPU = Debug|Any CPU
		Release|Any CPU = Release|Any CPU
	EndGlobalSection
	GlobalSection(ProjectConfigurationPlatforms) = postSolution
		{93B5BA3F-F1A1-4162-BD8C-EED1E9E59E0B}.Debug|Any CPU.ActiveCfg = Debug|Any CPU
		{93B5BA3F-F1A1-4162-BD8C-EED1E9E59E0B}.Debug|Any CPU.Build.0 = Debug|Any CPU
		{93B5BA3F-F1A1-4162-BD8C-EED1E9E59E0B}.Release|Any CPU.ActiveCfg = Release|Any CPU
		{93B5BA3F-F1A1-4162-BD8C-EED1E9E59E0B}.Release|Any CPU.Build.0 = Release|Any CPU
	EndGlobalSection
	GlobalSection(SolutionProperties) = preSolution
		HideSolutionNode = FALSE
	EndGlobalSection
	GlobalSection(ExtensibilityGlobals) = postSolution
		SolutionGuid = {59DF25D2-321E-4A73-933B-1DC93E822B58}
	EndGlobalSection
EndGlobal
